
Microsoft Visual Studio Solution File, Format Version 12.00
# Visual Studio Version 17
VisualStudioVersion = 17.4.33110.190
MinimumVisualStudioVersion = 10.0.40219.1
Project("{FAE04EC0-301F-11D3-BF4B-00C04F79EFBC}") = "Parser PS Games 2.2", "Parser PS Games 2.0\Parser PS Games 2.2.csproj", "{FAD12378-F1DC-440D-93DF-13F1D5375C93}"
EndProject
Global
	GlobalSection(SolutionConfigurationPlatforms) = preSolution
		Debug|Any CPU = Debug|Any CPU
		Release|Any CPU = Release|Any CPU
	EndGlobalSection
	GlobalSection(ProjectConfigurationPlatforms) = postSolution
		{FAD12378-F1DC-440D-93DF-13F1D5375C93}.Debug|Any CPU.ActiveCfg = Debug|Any CPU
		{FAD12378-F1DC-440D-93DF-13F1D5375C93}.Debug|Any CPU.Build.0 = Debug|Any CPU
		{FAD12378-F1DC-440D-93DF-13F1D5375C93}.Release|Any CPU.ActiveCfg = Release|Any CPU
		{FAD12378-F1DC-440D-93DF-13F1D5375C93}.Release|Any CPU.Build.0 = Release|Any CPU
	EndGlobalSection
	GlobalSection(SolutionProperties) = preSolution
		HideSolutionNode = FALSE
	EndGlobalSection
	GlobalSection(ExtensibilityGlobals) = postSolution
		SolutionGuid = {4CC79737-2C1C-4B0B-80D5-67C004474FD2}
	EndGlobalSection
EndGlobal
